
Microsoft Visual Studio Solution File, Format Version 12.00
# Visual Studio 15
VisualStudioVersion = 15.0.26124.0
MinimumVisualStudioVersion = 15.0.26124.0
Project("{9A19103F-16F7-4668-BE54-9A1E7A4F7556}") = "FeatureDashboard.Web", "FeatureDashboard.Web\FeatureDashboard.Web.csproj", "{F71EC055-AE31-402C-AB29-6E94441483E1}"
EndProject
Project("{2150E333-8FDC-42A3-9474-1A3956D46DE8}") = "Solution Items", "Solution Items", "{146534C6-D0E1-44ED-A334-F95B14FDBB97}"
	ProjectSection(SolutionItems) = preProject
		.gitignore = .gitignore
		README.md = README.md
	EndProjectSection
EndProject
Global
	GlobalSection(SolutionConfigurationPlatforms) = preSolution
		Debug|Any CPU = Debug|Any CPU
		Release|Any CPU = Release|Any CPU
	EndGlobalSection
	GlobalSection(ProjectConfigurationPlatforms) = postSolution
		{F71EC055-AE31-402C-AB29-6E94441483E1}.Debug|Any CPU.ActiveCfg = Debug|Any CPU
		{F71EC055-AE31-402C-AB29-6E94441483E1}.Debug|Any CPU.Build.0 = Debug|Any CPU
		{F71EC055-AE31-402C-AB29-6E94441483E1}.Release|Any CPU.ActiveCfg = Release|Any CPU
		{F71EC055-AE31-402C-AB29-6E94441483E1}.Release|Any CPU.Build.0 = Release|Any CPU
	EndGlobalSection
	GlobalSection(SolutionProperties) = preSolution
		HideSolutionNode = FALSE
	EndGlobalSection
	GlobalSection(ExtensibilityGlobals) = postSolution
		SolutionGuid = {2DA42719-58EE-440E-807B-3BC8626B58CE}
	EndGlobalSection
EndGlobal
